
Microsoft Visual Studio Solution File, Format Version 12.00
# Visual Studio Version 17
VisualStudioVersion = 17.14.36414.22 d17.14
MinimumVisualStudioVersion = 10.0.40219.1
Project("{FAE04EC0-301F-11D3-BF4B-00C04F79EFBC}") = "App", "App\App.csproj", "{6350A0B2-0D82-45C1-B085-7F6193B0F206}"
EndProject
Global
	GlobalSection(SolutionConfigurationPlatforms) = preSolution
		Debug|Any CPU = Debug|Any CPU
		Release|Any CPU = Release|Any CPU
	EndGlobalSection
	GlobalSection(ProjectConfigurationPlatforms) = postSolution
		{6350A0B2-0D82-45C1-B085-7F6193B0F206}.Debug|Any CPU.ActiveCfg = Debug|Any CPU
		{6350A0B2-0D82-45C1-B085-7F6193B0F206}.Debug|Any CPU.Build.0 = Debug|Any CPU
		{6350A0B2-0D82-45C1-B085-7F6193B0F206}.Release|Any CPU.ActiveCfg = Release|Any CPU
		{6350A0B2-0D82-45C1-B085-7F6193B0F206}.Release|Any CPU.Build.0 = Release|Any CPU
	EndGlobalSection
	GlobalSection(SolutionProperties) = preSolution
		HideSolutionNode = FALSE
	EndGlobalSection
	GlobalSection(ExtensibilityGlobals) = postSolution
		SolutionGuid = {DF34B930-9C0B-4089-A40F-EAC281E577F7}
	EndGlobalSection
EndGlobal
